// !$*UTF8*$!
{
	archiveVersion = 1;
	classes = {
	};
	objectVersion = 55;
	objects = {

/* Begin PBXBuildFile section */
		47C6DFD0278321EF00CC51C8 /* AppDelegate.swift in Sources */ = {isa = PBXBuildFile; fileRef = 47C6DFCF278321EF00CC51C8 /* AppDelegate.swift */; };
		47C6DFD2278321EF00CC51C8 /* SceneDelegate.swift in Sources */ = {isa = PBXBuildFile; fileRef = 47C6DFD1278321EF00CC51C8 /* SceneDelegate.swift */; };
		47C6DFD4278321EF00CC51C8 /* ViewController.swift in Sources */ = {isa = PBXBuildFile; fileRef = 47C6DFD3278321EF00CC51C8 /* ViewController.swift */; };
		47C6DFD7278321EF00CC51C8 /* Main.storyboard in Resources */ = {isa = PBXBuildFile; fileRef = 47C6DFD5278321EF00CC51C8 /* Main.storyboard */; };
		47C6DFD9278321F000CC51C8 /* Assets.xcassets in Resources */ = {isa = PBXBuildFile; fileRef = 47C6DFD8278321F000CC51C8 /* Assets.xcassets */; };
		47C6DFDC278321F000CC51C8 /* LaunchScreen.storyboard in Resources */ = {isa = PBXBuildFile; fileRef = 47C6DFDA278321F000CC51C8 /* LaunchScreen.storyboard */; };
		47C6DFE7278321F100CC51C8 /* FitMeTests.swift in Sources */ = {isa = PBXBuildFile; fileRef = 47C6DFE6278321F100CC51C8 /* FitMeTests.swift */; };
		47C6DFF1278321F100CC51C8 /* FitMeUITests.swift in Sources */ = {isa = PBXBuildFile; fileRef = 47C6DFF0278321F100CC51C8 /* FitMeUITests.swift */; };
		47C6DFF3278321F100CC51C8 /* FitMeUITestsLaunchTests.swift in Sources */ = {isa = PBXBuildFile; fileRef = 47C6DFF2278321F100CC51C8 /* FitMeUITestsLaunchTests.swift */; };
/* End PBXBuildFile section */

/* Begin PBXContainerItemProxy section */
		47C6DFE3278321F100CC51C8 /* PBXContainerItemProxy */ = {
			isa = PBXContainerItemProxy;
			containerPortal = 47C6DFC4278321EF00CC51C8 /* Project object */;
			proxyType = 1;
			remoteGlobalIDString = 47C6DFCB278321EF00CC51C8;
			remoteInfo = FitMe;
		};
		47C6DFED278321F100CC51C8 /* PBXContainerItemProxy */ = {
			isa = PBXContainerItemProxy;
			containerPortal = 47C6DFC4278321EF00CC51C8 /* Project object */;
			proxyType = 1;
			remoteGlobalIDString = 47C6DFCB278321EF00CC51C8;
			remoteInfo = FitMe;
		};
/* End PBXContainerItemProxy section */

/* Begin PBXFileReference section */
		47C6DFCC278321EF00CC51C8 /* FitMe.app */ = {isa = PBXFileReference; explicitFileType = wrapper.application; includeInIndex = 0; path = FitMe.app; sourceTree = BUILT_PRODUCTS_DIR; };
		47C6DFCF278321EF00CC51C8 /* AppDelegate.swift */ = {isa = PBXFileReference; lastKnownFileType = sourcecode.swift; path = AppDelegate.swift; sourceTree = "<group>"; };
		47C6DFD1278321EF00CC51C8 /* SceneDelegate.swift */ = {isa = PBXFileReference; lastKnownFileType = sourcecode.swift; path = SceneDelegate.swift; sourceTree = "<group>"; };
		47C6DFD3278321EF00CC51C8 /* ViewController.swift */ = {isa = PBXFileReference; lastKnownFileType = sourcecode.swift; path = ViewController.swift; sourceTree = "<group>"; };
		47C6DFD6278321EF00CC51C8 /* Base */ = {isa = PBXFileReference; lastKnownFileType = file.storyboard; name = Base; path = Base.lproj/Main.storyboard; sourceTree = "<group>"; };
		47C6DFD8278321F000CC51C8 /* Assets.xcassets */ = {isa = PBXFileReference; lastKnownFileType = folder.assetcatalog; path = Assets.xcassets; sourceTree = "<group>"; };
		47C6DFDB278321F000CC51C8 /* Base */ = {isa = PBXFileReference; lastKnownFileType = file.storyboard; name = Base; path = Base.lproj/LaunchScreen.storyboard; sourceTree = "<group>"; };
		47C6DFDD278321F000CC51C8 /* Info.plist */ = {isa = PBXFileReference; lastKnownFileType = text.plist.xml; path = Info.plist; sourceTree = "<group>"; };
		47C6DFE2278321F100CC51C8 /* FitMeTests.xctest */ = {isa = PBXFileReference; explicitFileType = wrapper.cfbundle; includeInIndex = 0; path = FitMeTests.xctest; sourceTree = BUILT_PRODUCTS_DIR; };
		47C6DFE6278321F100CC51C8 /* FitMeTests.swift */ = {isa = PBXFileReference; lastKnownFileType = sourcecode.swift; path = FitMeTests.swift; sourceTree = "<group>"; };
		47C6DFEC278321F100CC51C8 /* FitMeUITests.xctest */ = {isa = PBXFileReference; explicitFileType = wrapper.cfbundle; includeInIndex = 0; path = FitMeUITests.xctest; sourceTree = BUILT_PRODUCTS_DIR; };
		47C6DFF0278321F100CC51C8 /* FitMeUITests.swift */ = {isa = PBXFileReference; lastKnownFileType = sourcecode.swift; path = FitMeUITests.swift; sourceTree = "<group>"; };
		47C6DFF2278321F100CC51C8 /* FitMeUITestsLaunchTests.swift */ = {isa = PBXFileReference; lastKnownFileType = sourcecode.swift; path = FitMeUITestsLaunchTests.swift; sourceTree = "<group>"; };
/* End PBXFileReference section */

/* Begin PBXFrameworksBuildPhase section */
		47C6DFC9278321EF00CC51C8 /* Frameworks */ = {
			isa = PBXFrameworksBuildPhase;
			buildActionMask = 2147483647;
			files = (
			);
			runOnlyForDeploymentPostprocessing = 0;
		};
		47C6DFDF278321F100CC51C8 /* Frameworks */ = {
			isa = PBXFrameworksBuildPhase;
			buildActionMask = 2147483647;
			files = (
			);
			runOnlyForDeploymentPostprocessing = 0;
		};
		47C6DFE9278321F100CC51C8 /* Frameworks */ = {
			isa = PBXFrameworksBuildPhase;
			buildActionMask = 2147483647;
			files = (
			);
			runOnlyForDeploymentPostprocessing = 0;
		};
/* End PBXFrameworksBuildPhase section */

/* Begin PBXGroup section */
		47C6DFC3278321EF00CC51C8 = {
			isa = PBXGroup;
			children = (
				47C6DFCE278321EF00CC51C8 /* FitMe */,
				47C6DFE5278321F100CC51C8 /* FitMeTests */,
				47C6DFEF278321F100CC51C8 /* FitMeUITests */,
				47C6DFCD278321EF00CC51C8 /* Products */,
			);
			sourceTree = "<group>";
		};
		47C6DFCD278321EF00CC51C8 /* Products */ = {
			isa = PBXGroup;
			children = (
				47C6DFCC278321EF00CC51C8 /* FitMe.app */,
				47C6DFE2278321F100CC51C8 /* FitMeTests.xctest */,
				47C6DFEC278321F100CC51C8 /* FitMeUITests.xctest */,
			);
			name = Products;
			sourceTree = "<group>";
		};
		47C6DFCE278321EF00CC51C8 /* FitMe */ = {
			isa = PBXGroup;
			children = (
				47C6DFCF278321EF00CC51C8 /* AppDelegate.swift */,
				47C6DFD1278321EF00CC51C8 /* SceneDelegate.swift */,
				47C6DFD3278321EF00CC51C8 /* ViewController.swift */,
				47C6DFD5278321EF00CC51C8 /* Main.storyboard */,
				47C6DFD8278321F000CC51C8 /* Assets.xcassets */,
				47C6DFDA278321F000CC51C8 /* LaunchScreen.storyboard */,
				47C6DFDD278321F000CC51C8 /* Info.plist */,
			);
			path = FitMe;
			sourceTree = "<group>";
		};
		47C6DFE5278321F100CC51C8 /* FitMeTests */ = {
			isa = PBXGroup;
			children = (
				47C6DFE6278321F100CC51C8 /* FitMeTests.swift */,
			);
			path = FitMeTests;
			sourceTree = "<group>";
		};
		47C6DFEF278321F100CC51C8 /* FitMeUITests */ = {
			isa = PBXGroup;
			children = (
				47C6DFF0278321F100CC51C8 /* FitMeUITests.swift */,
				47C6DFF2278321F100CC51C8 /* FitMeUITestsLaunchTests.swift */,
			);
			path = FitMeUITests;
			sourceTree = "<group>";
		};
/* End PBXGroup section */

/* Begin PBXNativeTarget section */
		47C6DFCB278321EF00CC51C8 /* FitMe */ = {
			isa = PBXNativeTarget;
			buildConfigurationList = 47C6DFF6278321F100CC51C8 /* Build configuration list for PBXNativeTarget "FitMe" */;
			buildPhases = (
				47C6DFC8278321EF00CC51C8 /* Sources */,
				47C6DFC9278321EF00CC51C8 /* Frameworks */,
				47C6DFCA278321EF00CC51C8 /* Resources */,
			);
			buildRules = (
			);
			dependencies = (
			);
			name = FitMe;
			productName = FitMe;
			productReference = 47C6DFCC278321EF00CC51C8 /* FitMe.app */;
			productType = "com.apple.product-type.application";
		};
		47C6DFE1278321F100CC51C8 /* FitMeTests */ = {
			isa = PBXNativeTarget;
			buildConfigurationList = 47C6DFF9278321F100CC51C8 /* Build configuration list for PBXNativeTarget "FitMeTests" */;
			buildPhases = (
				47C6DFDE278321F100CC51C8 /* Sources */,
				47C6DFDF278321F100CC51C8 /* Frameworks */,
				47C6DFE0278321F100CC51C8 /* Resources */,
			);
			buildRules = (
			);
			dependencies = (
				47C6DFE4278321F100CC51C8 /* PBXTargetDependency */,
			);
			name = FitMeTests;
			productName = FitMeTests;
			productReference = 47C6DFE2278321F100CC51C8 /* FitMeTests.xctest */;
			productType = "com.apple.product-type.bundle.unit-test";
		};
		47C6DFEB278321F100CC51C8 /* FitMeUITests */ = {
			isa = PBXNativeTarget;
			buildConfigurationList = 47C6DFFC278321F100CC51C8 /* Build configuration list for PBXNativeTarget "FitMeUITests" */;
			buildPhases = (
				47C6DFE8278321F100CC51C8 /* Sources */,
				47C6DFE9278321F100CC51C8 /* Frameworks */,
				47C6DFEA278321F100CC51C8 /* Resources */,
			);
			buildRules = (
			);
			dependencies = (
				47C6DFEE278321F100CC51C8 /* PBXTargetDependency */,
			);
			name = FitMeUITests;
			productName = FitMeUITests;
			productReference = 47C6DFEC278321F100CC51C8 /* FitMeUITests.xctest */;
			productType = "com.apple.product-type.bundle.ui-testing";
		};
/* End PBXNativeTarget section */

/* Begin PBXProject section */
		47C6DFC4278321EF00CC51C8 /* Project object */ = {
			isa = PBXProject;
			attributes = {
				BuildIndependentTargetsInParallel = 1;
				LastSwiftUpdateCheck = 1310;
				LastUpgradeCheck = 1310;
				TargetAttributes = {
					47C6DFCB278321EF00CC51C8 = {
						CreatedOnToolsVersion = 13.1;
					};
					47C6DFE1278321F100CC51C8 = {
						CreatedOnToolsVersion = 13.1;
						TestTargetID = 47C6DFCB278321EF00CC51C8;
					};
					47C6DFEB278321F100CC51C8 = {
						CreatedOnToolsVersion = 13.1;
						TestTargetID = 47C6DFCB278321EF00CC51C8;
					};
				};
			};
			buildConfigurationList = 47C6DFC7278321EF00CC51C8 /* Build configuration list for PBXProject "FitMe" */;
			compatibilityVersion = "Xcode 13.0";
			developmentRegion = en;
			hasScannedForEncodings = 0;
			knownRegions = (
				en,
				Base,
			);
			mainGroup = 47C6DFC3278321EF00CC51C8;
			productRefGroup = 47C6DFCD278321EF00CC51C8 /* Products */;
			projectDirPath = "";
			projectRoot = "";
			targets = (
				47C6DFCB278321EF00CC51C8 /* FitMe */,
				47C6DFE1278321F100CC51C8 /* FitMeTests */,
				47C6DFEB278321F100CC51C8 /* FitMeUITests */,
			);
		};
/* End PBXProject section */

/* Begin PBXResourcesBuildPhase section */
		47C6DFCA278321EF00CC51C8 /* Resources */ = {
			isa = PBXResourcesBuildPhase;
			buildActionMask = 2147483647;
			files = (
				47C6DFDC278321F000CC51C8 /* LaunchScreen.storyboard in Resources */,
				47C6DFD9278321F000CC51C8 /* Assets.xcassets in Resources */,
				47C6DFD7278321EF00CC51C8 /* Main.storyboard in Resources */,
			);
			runOnlyForDeploymentPostprocessing = 0;
		};
		47C6DFE0278321F100CC51C8 /* Resources */ = {
			isa = PBXResourcesBuildPhase;
			buildActionMask = 2147483647;
			files = (
			);
			runOnlyForDeploymentPostprocessing = 0;
		};
		47C6DFEA278321F100CC51C8 /* Resources */ = {
			isa = PBXResourcesBuildPhase;
			buildActionMask = 2147483647;
			files = (
			);
			runOnlyForDeploymentPostprocessing = 0;
		};
/* End PBXResourcesBuildPhase section */

/* Begin PBXSourcesBuildPhase section */
		47C6DFC8278321EF00CC51C8 /* Sources */ = {
			isa = PBXSourcesBuildPhase;
			buildActionMask = 2147483647;
			files = (
				47C6DFD4278321EF00CC51C8 /* ViewController.swift in Sources */,
				47C6DFD0278321EF00CC51C8 /* AppDelegate.swift in Sources */,
				47C6DFD2278321EF00CC51C8 /* SceneDelegate.swift in Sources */,
			);
			runOnlyForDeploymentPostprocessing = 0;
		};
		47C6DFDE278321F100CC51C8 /* Sources */ = {
			isa = PBXSourcesBuildPhase;
			buildActionMask = 2147483647;
			files = (
				47C6DFE7278321F100CC51C8 /* FitMeTests.swift in Sources */,
			);
			runOnlyForDeploymentPostprocessing = 0;
		};
		47C6DFE8278321F100CC51C8 /* Sources */ = {
			isa = PBXSourcesBuildPhase;
			buildActionMask = 2147483647;
			files = (
				47C6DFF3278321F100CC51C8 /* FitMeUITestsLaunchTests.swift in Sources */,
				47C6DFF1278321F100CC51C8 /* FitMeUITests.swift in Sources */,
			);
			runOnlyForDeploymentPostprocessing = 0;
		};
/* End PBXSourcesBuildPhase section */

/* Begin PBXTargetDependency section */
		47C6DFE4278321F100CC51C8 /* PBXTargetDependency */ = {
			isa = PBXTargetDependency;
			target = 47C6DFCB278321EF00CC51C8 /* FitMe */;
			targetProxy = 47C6DFE3278321F100CC51C8 /* PBXContainerItemProxy */;
		};
		47C6DFEE278321F100CC51C8 /* PBXTargetDependency */ = {
			isa = PBXTargetDependency;
			target = 47C6DFCB278321EF00CC51C8 /* FitMe */;
			targetProxy = 47C6DFED278321F100CC51C8 /* PBXContainerItemProxy */;
		};
/* End PBXTargetDependency section */

/* Begin PBXVariantGroup section */
		47C6DFD5278321EF00CC51C8 /* Main.storyboard */ = {
			isa = PBXVariantGroup;
			children = (
				47C6DFD6278321EF00CC51C8 /* Base */,
			);
			name = Main.storyboard;
			sourceTree = "<group>";
		};
		47C6DFDA278321F000CC51C8 /* LaunchScreen.storyboard */ = {
			isa = PBXVariantGroup;
			children = (
				47C6DFDB278321F000CC51C8 /* Base */,
			);
			name = LaunchScreen.storyboard;
			sourceTree = "<group>";
		};
/* End PBXVariantGroup section */

/* Begin XCBuildConfiguration section */
		47C6DFF4278321F100CC51C8 /* Debug */ = {
			isa = XCBuildConfiguration;
			buildSettings = {
				ALWAYS_SEARCH_USER_PATHS = NO;
				CLANG_ANALYZER_NONNULL = YES;
				CLANG_ANALYZER_NUMBER_OBJECT_CONVERSION = YES_AGGRESSIVE;
				CLANG_CXX_LANGUAGE_STANDARD = "gnu++17";
				CLANG_CXX_LIBRARY = "libc++";
				CLANG_ENABLE_MODULES = YES;
				CLANG_ENABLE_OBJC_ARC = YES;
				CLANG_ENABLE_OBJC_WEAK = YES;
				CLANG_WARN_BLOCK_CAPTURE_AUTORELEASING = YES;
				CLANG_WARN_BOOL_CONVERSION = YES;
				CLANG_WARN_COMMA = YES;
				CLANG_WARN_CONSTANT_CONVERSION = YES;
				CLANG_WARN_DEPRECATED_OBJC_IMPLEMENTATIONS = YES;
				CLANG_WARN_DIRECT_OBJC_ISA_USAGE = YES_ERROR;
				CLANG_WARN_DOCUMENTATION_COMMENTS = YES;
				CLANG_WARN_EMPTY_BODY = YES;
				CLANG_WARN_ENUM_CONVERSION = YES;
				CLANG_WARN_INFINITE_RECURSION = YES;
				CLANG_WARN_INT_CONVERSION = YES;
				CLANG_WARN_NON_LITERAL_NULL_CONVERSION = YES;
				CLANG_WARN_OBJC_IMPLICIT_RETAIN_SELF = YES;
				CLANG_WARN_OBJC_LITERAL_CONVERSION = YES;
				CLANG_WARN_OBJC_ROOT_CLASS = YES_ERROR;
				CLANG_WARN_QUOTED_INCLUDE_IN_FRAMEWORK_HEADER = YES;
				CLANG_WARN_RANGE_LOOP_ANALYSIS = YES;
				CLANG_WARN_STRICT_PROTOTYPES = YES;
				CLANG_WARN_SUSPICIOUS_MOVE = YES;
				CLANG_WARN_UNGUARDED_AVAILABILITY = YES_AGGRESSIVE;
				CLANG_WARN_UNREACHABLE_CODE = YES;
				CLANG_WARN__DUPLICATE_METHOD_MATCH = YES;
				COPY_PHASE_STRIP = NO;
				DEBUG_INFORMATION_FORMAT = dwarf;
				ENABLE_STRICT_OBJC_MSGSEND = YES;
				ENABLE_TESTABILITY = YES;
				GCC_C_LANGUAGE_STANDARD = gnu11;
				GCC_DYNAMIC_NO_PIC = NO;
				GCC_NO_COMMON_BLOCKS = YES;
				GCC_OPTIMIZATION_LEVEL = 0;
				GCC_PREPROCESSOR_DEFINITIONS = (
					"DEBUG=1",
					"$(inherited)",
				);
				GCC_WARN_64_TO_32_BIT_CONVERSION = YES;
				GCC_WARN_ABOUT_RETURN_TYPE = YES_ERROR;
				GCC_WARN_UNDECLARED_SELECTOR = YES;
				GCC_WARN_UNINITIALIZED_AUTOS = YES_AGGRESSIVE;
				GCC_WARN_UNUSED_FUNCTION = YES;
				GCC_WARN_UNUSED_VARIABLE = YES;
				IPHONEOS_DEPLOYMENT_TARGET = 15.0;
				MTL_ENABLE_DEBUG_INFO = INCLUDE_SOURCE;
				MTL_FAST_MATH = YES;
				ONLY_ACTIVE_ARCH = YES;
				SDKROOT = iphoneos;
				SWIFT_ACTIVE_COMPILATION_CONDITIONS = DEBUG;
				SWIFT_OPTIMIZATION_LEVEL = "-Onone";
			};
			name = Debug;
		};
		47C6DFF5278321F100CC51C8 /* Release */ = {
			isa = XCBuildConfiguration;
			buildSettings = {
				ALWAYS_SEARCH_USER_PATHS = NO;
				CLANG_ANALYZER_NONNULL = YES;
				CLANG_ANALYZER_NUMBER_OBJECT_CONVERSION = YES_AGGRESSIVE;
				CLANG_CXX_LANGUAGE_STANDARD = "gnu++17";
				CLANG_CXX_LIBRARY = "libc++";
				CLANG_ENABLE_MODULES = YES;
				CLANG_ENABLE_OBJC_ARC = YES;
				CLANG_ENABLE_OBJC_WEAK = YES;
				CLANG_WARN_BLOCK_CAPTURE_AUTORELEASING = YES;
				CLANG_WARN_BOOL_CONVERSION = YES;
				CLANG_WARN_COMMA = YES;
				CLANG_WARN_CONSTANT_CONVERSION = YES;
				CLANG_WARN_DEPRECATED_OBJC_IMPLEMENTATIONS = YES;
				CLANG_WARN_DIRECT_OBJC_ISA_USAGE = YES_ERROR;
				CLANG_WARN_DOCUMENTATION_COMMENTS = YES;
				CLANG_WARN_EMPTY_BODY = YES;
				CLANG_WARN_ENUM_CONVERSION = YES;
				CLANG_WARN_INFINITE_RECURSION = YES;
				CLANG_WARN_INT_CONVERSION = YES;
				CLANG_WARN_NON_LITERAL_NULL_CONVERSION = YES;
				CLANG_WARN_OBJC_IMPLICIT_RETAIN_SELF = YES;
				CLANG_WARN_OBJC_LITERAL_CONVERSION = YES;
				CLANG_WARN_OBJC_ROOT_CLASS = YES_ERROR;
				CLANG_WARN_QUOTED_INCLUDE_IN_FRAMEWORK_HEADER = YES;
				CLANG_WARN_RANGE_LOOP_ANALYSIS = YES;
				CLANG_WARN_STRICT_PROTOTYPES = YES;
				CLANG_WARN_SUSPICIOUS_MOVE = YES;
				CLANG_WARN_UNGUARDED_AVAILABILITY = YES_AGGRESSIVE;
				CLANG_WARN_UNREACHABLE_CODE = YES;
				CLANG_WARN__DUPLICATE_METHOD_MATCH = YES;
				COPY_PHASE_STRIP = NO;
				DEBUG_INFORMATION_FORMAT = "dwarf-with-dsym";
				ENABLE_NS_ASSERTIONS = NO;
				ENABLE_STRICT_OBJC_MSGSEND = YES;
				GCC_C_LANGUAGE_STANDARD = gnu11;
				GCC_NO_COMMON_BLOCKS = YES;
				GCC_WARN_64_TO_32_BIT_CONVERSION = YES;
				GCC_WARN_ABOUT_RETURN_TYPE = YES_ERROR;
				GCC_WARN_UNDECLARED_SELECTOR = YES;
				GCC_WARN_UNINITIALIZED_AUTOS = YES_AGGRESSIVE;
				GCC_WARN_UNUSED_FUNCTION = YES;
				GCC_WARN_UNUSED_VARIABLE = YES;
				IPHONEOS_DEPLOYMENT_TARGET = 15.0;
				MTL_ENABLE_DEBUG_INFO = NO;
				MTL_FAST_MATH = YES;
				SDKROOT = iphoneos;
				SWIFT_COMPILATION_MODE = wholemodule;
				SWIFT_OPTIMIZATION_LEVEL = "-O";
				VALIDATE_PRODUCT = YES;
			};
			name = Release;
		};
		47C6DFF7278321F100CC51C8 /* Debug */ = {
			isa = XCBuildConfiguration;
			buildSettings = {
				ASSETCATALOG_COMPILER_APPICON_NAME = AppIcon;
				ASSETCATALOG_COMPILER_GLOBAL_ACCENT_COLOR_NAME = AccentColor;
				CODE_SIGN_STYLE = Automatic;
				CURRENT_PROJECT_VERSION = 1;
				DEVELOPMENT_TEAM = 77WWG3JUP3;
				GENERATE_INFOPLIST_FILE = YES;
				INFOPLIST_FILE = FitMe/Info.plist;
				INFOPLIST_KEY_UIApplicationSupportsIndirectInputEvents = YES;
				INFOPLIST_KEY_UILaunchStoryboardName = LaunchScreen;
				INFOPLIST_KEY_UIMainStoryboardFile = Main;
				INFOPLIST_KEY_UISupportedInterfaceOrientations_iPad = "UIInterfaceOrientationPortrait UIInterfaceOrientationPortraitUpsideDown UIInterfaceOrientationLandscapeLeft UIInterfaceOrientationLandscapeRight";
				INFOPLIST_KEY_UISupportedInterfaceOrientations_iPhone = "UIInterfaceOrientationPortrait UIInterfaceOrientationLandscapeLeft UIInterfaceOrientationLandscapeRight";
				LD_RUNPATH_SEARCH_PATHS = (
					"$(inherited)",
					"@executable_path/Frameworks",
				);
				MARKETING_VERSION = 1.0;
				PRODUCT_BUNDLE_IDENTIFIER = com.preemadsouza.FitMe;
				PRODUCT_NAME = "$(TARGET_NAME)";
				SWIFT_EMIT_LOC_STRINGS = YES;
				SWIFT_VERSION = 5.0;
				TARGETED_DEVICE_FAMILY = "1,2";
			};
			name = Debug;
		};
		47C6DFF8278321F100CC51C8 /* Release */ = {
			isa = XCBuildConfiguration;
			buildSettings = {
				ASSETCATALOG_COMPILER_APPICON_NAME = AppIcon;
				ASSETCATALOG_COMPILER_GLOBAL_ACCENT_COLOR_NAME = AccentColor;
				CODE_SIGN_STYLE = Automatic;
				CURRENT_PROJECT_VERSION = 1;
				DEVELOPMENT_TEAM = 77WWG3JUP3;
				GENERATE_INFOPLIST_FILE = YES;
				INFOPLIST_FILE = FitMe/Info.plist;
				INFOPLIST_KEY_UIApplicationSupportsIndirectInputEvents = YES;
				INFOPLIST_KEY_UILaunchStoryboardName = LaunchScreen;
				INFOPLIST_KEY_UIMainStoryboardFile = Main;
				INFOPLIST_KEY_UISupportedInterfaceOrientations_iPad = "UIInterfaceOrientationPortrait UIInterfaceOrientationPortraitUpsideDown UIInterfaceOrientationLandscapeLeft UIInterfaceOrientationLandscapeRight";
				INFOPLIST_KEY_UISupportedInterfaceOrientations_iPhone = "UIInterfaceOrientationPortrait UIInterfaceOrientationLandscapeLeft UIInterfaceOrientationLandscapeRight";
				LD_RUNPATH_SEARCH_PATHS = (
					"$(inherited)",
					"@executable_path/Frameworks",
				);
				MARKETING_VERSION = 1.0;
				PRODUCT_BUNDLE_IDENTIFIER = com.preemadsouza.FitMe;
				PRODUCT_NAME = "$(TARGET_NAME)";
				SWIFT_EMIT_LOC_STRINGS = YES;
				SWIFT_VERSION = 5.0;
				TARGETED_DEVICE_FAMILY = "1,2";
			};
			name = Release;
		};
		47C6DFFA278321F100CC51C8 /* Debug */ = {
			isa = XCBuildConfiguration;
			buildSettings = {
				ALWAYS_EMBED_SWIFT_STANDARD_LIBRARIES = YES;
				BUNDLE_LOADER = "$(TEST_HOST)";
				CODE_SIGN_STYLE = Automatic;
				CURRENT_PROJECT_VERSION = 1;
				DEVELOPMENT_TEAM = 77WWG3JUP3;
				GENERATE_INFOPLIST_FILE = YES;
				IPHONEOS_DEPLOYMENT_TARGET = 15.0;
				LD_RUNPATH_SEARCH_PATHS = (
					"$(inherited)",
					"@executable_path/Frameworks",
					"@loader_path/Frameworks",
				);
				MARKETING_VERSION = 1.0;
				PRODUCT_BUNDLE_IDENTIFIER = com.preemadsouza.FitMeTests;
				PRODUCT_NAME = "$(TARGET_NAME)";
				SWIFT_EMIT_LOC_STRINGS = NO;
				SWIFT_VERSION = 5.0;
				TARGETED_DEVICE_FAMILY = "1,2";
				TEST_HOST = "$(BUILT_PRODUCTS_DIR)/FitMe.app/FitMe";
			};
			name = Debug;
		};
		47C6DFFB278321F100CC51C8 /* Release */ = {
			isa = XCBuildConfiguration;
			buildSettings = {
				ALWAYS_EMBED_SWIFT_STANDARD_LIBRARIES = YES;
				BUNDLE_LOADER = "$(TEST_HOST)";
				CODE_SIGN_STYLE = Automatic;
				CURRENT_PROJECT_VERSION = 1;
				DEVELOPMENT_TEAM = 77WWG3JUP3;
				GENERATE_INFOPLIST_FILE = YES;
				IPHONEOS_DEPLOYMENT_TARGET = 15.0;
				LD_RUNPATH_SEARCH_PATHS = (
					"$(inherited)",
					"@executable_path/Frameworks",
					"@loader_path/Frameworks",
				);
				MARKETING_VERSION = 1.0;
				PRODUCT_BUNDLE_IDENTIFIER = com.preemadsouza.FitMeTests;
				PRODUCT_NAME = "$(TARGET_NAME)";
				SWIFT_EMIT_LOC_STRINGS = NO;
				SWIFT_VERSION = 5.0;
				TARGETED_DEVICE_FAMILY = "1,2";
				TEST_HOST = "$(BUILT_PRODUCTS_DIR)/FitMe.app/FitMe";
			};
			name = Release;
		};
		47C6DFFD278321F100CC51C8 /* Debug */ = {
			isa = XCBuildConfiguration;
			buildSettings = {
				ALWAYS_EMBED_SWIFT_STANDARD_LIBRARIES = YES;
				CODE_SIGN_STYLE = Automatic;
				CURRENT_PROJECT_VERSION = 1;
				DEVELOPMENT_TEAM = 77WWG3JUP3;
				GENERATE_INFOPLIST_FILE = YES;
				LD_RUNPATH_SEARCH_PATHS = (
					"$(inherited)",
					"@executable_path/Frameworks",
					"@loader_path/Frameworks",
				);
				MARKETING_VERSION = 1.0;
				PRODUCT_BUNDLE_IDENTIFIER = com.preemadsouza.FitMeUITests;
				PRODUCT_NAME = "$(TARGET_NAME)";
				SWIFT_EMIT_LOC_STRINGS = NO;
				SWIFT_VERSION = 5.0;
				TARGETED_DEVICE_FAMILY = "1,2";
				TEST_TARGET_NAME = FitMe;
			};
			name = Debug;
		};
		47C6DFFE278321F100CC51C8 /* Release */ = {
			isa = XCBuildConfiguration;
			buildSettings = {
				ALWAYS_EMBED_SWIFT_STANDARD_LIBRARIES = YES;
				CODE_SIGN_STYLE = Automatic;
				CURRENT_PROJECT_VERSION = 1;
				DEVELOPMENT_TEAM = 77WWG3JUP3;
				GENERATE_INFOPLIST_FILE = YES;
				LD_RUNPATH_SEARCH_PATHS = (
					"$(inherited)",
					"@executable_path/Frameworks",
					"@loader_path/Frameworks",
				);
				MARKETING_VERSION = 1.0;
				PRODUCT_BUNDLE_IDENTIFIER = com.preemadsouza.FitMeUITests;
				PRODUCT_NAME = "$(TARGET_NAME)";
				SWIFT_EMIT_LOC_STRINGS = NO;
				SWIFT_VERSION = 5.0;
				TARGETED_DEVICE_FAMILY = "1,2";
				TEST_TARGET_NAME = FitMe;
			};
			name = Release;
		};
/* End XCBuildConfiguration section */

/* Begin XCConfigurationList section */
		47C6DFC7278321EF00CC51C8 /* Build configuration list for PBXProject "FitMe" */ = {
			isa = XCConfigurationList;
			buildConfigurations = (
				47C6DFF4278321F100CC51C8 /* Debug */,
				47C6DFF5278321F100CC51C8 /* Release */,
			);
			defaultConfigurationIsVisible = 0;
			defaultConfigurationName = Release;
		};
		47C6DFF6278321F100CC51C8 /* Build configuration list for PBXNativeTarget "FitMe" */ = {
			isa = XCConfigurationList;
			buildConfigurations = (
				47C6DFF7278321F100CC51C8 /* Debug */,
				47C6DFF8278321F100CC51C8 /* Release */,
			);
			defaultConfigurationIsVisible = 0;
			defaultConfigurationName = Release;
		};
		47C6DFF9278321F100CC51C8 /* Build configuration list for PBXNativeTarget "FitMeTests" */ = {
			isa = XCConfigurationList;
			buildConfigurations = (
				47C6DFFA278321F100CC51C8 /* Debug */,
				47C6DFFB278321F100CC51C8 /* Release */,
			);
			defaultConfigurationIsVisible = 0;
			defaultConfigurationName = Release;
		};
		47C6DFFC278321F100CC51C8 /* Build configuration list for PBXNativeTarget "FitMeUITests" */ = {
			isa = XCConfigurationList;
			buildConfigurations = (
				47C6DFFD278321F100CC51C8 /* Debug */,
				47C6DFFE278321F100CC51C8 /* Release */,
			);
			defaultConfigurationIsVisible = 0;
			defaultConfigurationName = Release;
		};
/* End XCConfigurationList section */
	};
	rootObject = 47C6DFC4278321EF00CC51C8 /* Project object */;
}
